
Microsoft Visual Studio Solution File, Format Version 12.00
# Visual Studio Version 17
VisualStudioVersion = 17.0.31912.275
MinimumVisualStudioVersion = 10.0.40219.1
Project("{9A19103F-16F7-4668-BE54-9A1E7A4F7556}") = "nanoAPIAdminPanel", "nanoAPIAdminPanel\nanoAPIAdminPanel.csproj", "{FCD6BCA9-FA3D-4509-B6A6-72E4C59EB246}"
EndProject
Global
	GlobalSection(SolutionConfigurationPlatforms) = preSolution
		Debug|Any CPU = Debug|Any CPU
		Release|Any CPU = Release|Any CPU
	EndGlobalSection
	GlobalSection(ProjectConfigurationPlatforms) = postSolution
		{FCD6BCA9-FA3D-4509-B6A6-72E4C59EB246}.Debug|Any CPU.ActiveCfg = Debug|Any CPU
		{FCD6BCA9-FA3D-4509-B6A6-72E4C59EB246}.Debug|Any CPU.Build.0 = Debug|Any CPU
		{FCD6BCA9-FA3D-4509-B6A6-72E4C59EB246}.Release|Any CPU.ActiveCfg = Release|Any CPU
		{FCD6BCA9-FA3D-4509-B6A6-72E4C59EB246}.Release|Any CPU.Build.0 = Release|Any CPU
	EndGlobalSection
	GlobalSection(SolutionProperties) = preSolution
		HideSolutionNode = FALSE
	EndGlobalSection
	GlobalSection(ExtensibilityGlobals) = postSolution
		SolutionGuid = {828BF7E6-C327-41FD-A894-86F444483459}
	EndGlobalSection
EndGlobal
